schema: '2.0'
stages:
  data_ingestion:
    cmd: python src/data/data_ingestion.py
    deps:
    - path: src/data/data_ingestion.py
      hash: md5
      md5: e23f87e7ae0762c78f09dbb3f2c6c025
      size: 4332
    params:
      params.yaml:
        data_ingestion.test_size: 0.2
    outs:
    - path: data/raw
      hash: md5
      md5: e13bcce40396cd334c8a7a334868166a.dir
      size: 6919701
      nfiles: 2
  data_preprocessing:
    cmd: python src/data/data_preprocessing.py
    deps:
    - path: data/raw/test.csv
      hash: md5
      md5: ea97ba82a4a25627bf4ffb52572484ea
      size: 1348612
    - path: data/raw/train.csv
      hash: md5
      md5: 1bd422dd6d135bced1d6c64a3e84a45d
      size: 5571089
    - path: src/data/data_preprocessing.py
      hash: md5
      md5: 0cefc3130796a90ceb7e5e57bdecf9a3
      size: 4018
    outs:
    - path: data/interim
      hash: md5
      md5: 81d5a25ce7edd7b925848499c65afa99.dir
      size: 5126600
      nfiles: 2
  model_building:
    cmd: python src/model/model_building.py
    deps:
    - path: data/interim/train_processed.csv
      hash: md5
      md5: 15a4de0e31ead19950595ac3d93a505a
      size: 4127745
    - path: src/model/model_building.py
      hash: md5
      md5: 3df6d1ac6c6e22ff9f19df8dbe39bc65
      size: 5662
    params:
      params.yaml:
        model_building.learning_rate: 0.09
        model_building.max_depth: 20
        model_building.max_features: 10000
        model_building.n_estimators: 367
        model_building.ngram_range:
        - 1
        - 3
    outs:
    - path: lgbm_model.pkl
      hash: md5
      md5: aff0d7c35b02d7627a1685f721950fa5
      size: 4119824
    - path: tfidf_vectorizer.pkl
      hash: md5
      md5: 87da222d1aea47e9b3fc1a9bfe86f149
      size: 344169
  model_evaluation:
    cmd: python src/model/model_evaluation.py
    deps:
    - path: data/interim/test_processed.csv
      hash: md5
      md5: 0a1fe2676317a695b51707cf67b2ed6f
      size: 998855
    - path: data/interim/train_processed.csv
      hash: md5
      md5: 15a4de0e31ead19950595ac3d93a505a
      size: 4127745
    - path: lgbm_model.pkl
      hash: md5
      md5: aff0d7c35b02d7627a1685f721950fa5
      size: 4119824
    - path: src/model/model_evaluation.py
      hash: md5
      md5: 6e5a47d504a10c58ee0db16811962488
      size: 7345
    - path: tfidf_vectorizer.pkl
      hash: md5
      md5: 87da222d1aea47e9b3fc1a9bfe86f149
      size: 344169
    outs:
    - path: experiment_info.json
      hash: md5
      md5: ff76262059d334c4df5fe9738b5e6d31
      size: 87
