schema: '2.0'
stages:
  data_ingestion:
    cmd: python src/data/data_ingestion.py
    deps:
    - path: src/data/data_ingestion.py
      hash: md5
      md5: e23f87e7ae0762c78f09dbb3f2c6c025
      size: 4332
    params:
      params.yaml:
        data_ingestion.test_size: 0.25
    outs:
    - path: data/raw
      hash: md5
      md5: 49d68ac9e22c6088d4afd89da38f5c38.dir
      size: 6919701
      nfiles: 2
  data_preprocessing:
    cmd: python src/data/data_preprocessing.py
    deps:
    - path: data/raw/test.csv
      hash: md5
      md5: 2e81d6eb492d93987768f731e904781c
      size: 1680931
    - path: data/raw/train.csv
      hash: md5
      md5: 18b3faba324bc010ea34ff2d9244645f
      size: 5238770
    - path: src/data/data_preprocessing.py
      hash: md5
      md5: 0cefc3130796a90ceb7e5e57bdecf9a3
      size: 4018
    outs:
    - path: data/interim
      hash: md5
      md5: 8c652c2b4badb5afe897699d99bb1b7a.dir
      size: 5126600
      nfiles: 2
  model_building:
    cmd: python src/model/model_building.py
    deps:
    - path: data/interim/train_processed.csv
      hash: md5
      md5: fe704e165708094e27af6e3af883811c
      size: 3880115
    - path: src/model/model_building.py
      hash: md5
      md5: 3df6d1ac6c6e22ff9f19df8dbe39bc65
      size: 5662
    params:
      params.yaml:
        model_building.learning_rate: 0.09
        model_building.max_depth: 20
        model_building.max_features: 10000
        model_building.n_estimators: 367
        model_building.ngram_range:
        - 1
        - 3
    outs:
    - path: lgbm_model.pkl
      hash: md5
      md5: ca77d52888f653cbb0d0d6049a99fae9
      size: 4104977
    - path: tfidf_vectorizer.pkl
      hash: md5
      md5: 24883a3f62aa762ee859396494455fe3
      size: 344012
  model_evaluation:
    cmd: python src/model/model_evaluation.py
    deps:
    - path: data/interim/test_processed.csv
      hash: md5
      md5: 97db40cacccb01444bb9c2a0e7050e7d
      size: 1246485
    - path: data/interim/train_processed.csv
      hash: md5
      md5: fe704e165708094e27af6e3af883811c
      size: 3880115
    - path: lgbm_model.pkl
      hash: md5
      md5: ca77d52888f653cbb0d0d6049a99fae9
      size: 4104977
    - path: src/model/model_evaluation.py
      hash: md5
      md5: 6e5a47d504a10c58ee0db16811962488
      size: 7345
    - path: tfidf_vectorizer.pkl
      hash: md5
      md5: 24883a3f62aa762ee859396494455fe3
      size: 344012
    outs:
    - path: experiment_info.json
      hash: md5
      md5: 2991ed251bf8c404592906e2ac54616b
      size: 87
