schema: '2.0'
stages:
  data_ingestion:
    cmd: python src/data/data_ingestion.py
    deps:
    - path: src/data/data_ingestion.py
      hash: md5
      md5: 5826753ac044b36e059d4c140da1df06
      size: 4358
    params:
      params.yaml:
        data_ingestion.test_size: 0.2
    outs:
    - path: data/raw
      hash: md5
      md5: e13bcce40396cd334c8a7a334868166a.dir
      size: 6919701
      nfiles: 2
  data_preprocessing:
    cmd: python src/data/data_preprocessing.py
    deps:
    - path: data/raw/test.csv
      hash: md5
      md5: ea97ba82a4a25627bf4ffb52572484ea
      size: 1348612
    - path: data/raw/train.csv
      hash: md5
      md5: 1bd422dd6d135bced1d6c64a3e84a45d
      size: 5571089
    - path: src/data/data_preprocessing.py
      hash: md5
      md5: 503d2291d150c3329aafe703d7c7a5aa
      size: 4054
    outs:
    - path: data/interim
      hash: md5
      md5: 81d5a25ce7edd7b925848499c65afa99.dir
      size: 5126600
      nfiles: 2
  model_building:
    cmd: python src/model/model_building.py
    deps:
    - path: data/interim/train_processed.csv
      hash: md5
      md5: 15a4de0e31ead19950595ac3d93a505a
      size: 4127745
    - path: src/model/model_building.py
      hash: md5
      md5: e69b5243317ea1e6227aab726989f96e
      size: 5706
    params:
      params.yaml:
        model_building.learning_rate: 0.09
        model_building.max_depth: 20
        model_building.max_features: 10000
        model_building.n_estimators: 367
        model_building.ngram_range:
        - 1
        - 3
    outs:
    - path: lgbm_model.pkl
      hash: md5
      md5: aff0d7c35b02d7627a1685f721950fa5
      size: 4119824
    - path: tfidf_vectorizer.pkl
      hash: md5
      md5: df2c34752f7947ded99f086367c93b17
      size: 344169
  model_evaluation:
    cmd: python src/model/model_evaluation.py
    deps:
    - path: data/interim/test_processed.csv
      hash: md5
      md5: 0a1fe2676317a695b51707cf67b2ed6f
      size: 998855
    - path: data/interim/train_processed.csv
      hash: md5
      md5: 15a4de0e31ead19950595ac3d93a505a
      size: 4127745
    - path: lgbm_model.pkl
      hash: md5
      md5: aff0d7c35b02d7627a1685f721950fa5
      size: 4119824
    - path: src/model/model_evaluation.py
      hash: md5
      md5: bc5231eff8c6046818a4dce04f5a2541
      size: 7344
    - path: tfidf_vectorizer.pkl
      hash: md5
      md5: df2c34752f7947ded99f086367c93b17
      size: 344169
    outs:
    - path: experiment_info.json
      hash: md5
      md5: ea027b21d2f7a0a7d09bf880a4a46812
      size: 87
  model_registration:
    cmd: python src/model/register_model.py
    deps:
    - path: experiment_info.json
      hash: md5
      md5: ea027b21d2f7a0a7d09bf880a4a46812
      size: 87
    - path: src/model/register_model.py
      hash: md5
      md5: d1436d9da9a4d00a9641b83efb28e76a
      size: 2476
